
Microsoft Visual Studio Solution File, Format Version 12.00
# Visual Studio Version 17
VisualStudioVersion = 17.3.32901.215
MinimumVisualStudioVersion = 10.0.40219.1
Project("{888888A0-9F3D-457C-B088-3A5042F75D52}") = "Telecom Churn Customer Predictor", "Telecom Churn Customer Predictor.pyproj", "{F39F1D96-9ABC-4DC2-B782-1498F3AEB9EC}"
EndProject
Global
	GlobalSection(SolutionConfigurationPlatforms) = preSolution
		Debug|Any CPU = Debug|Any CPU
		Release|Any CPU = Release|Any CPU
	EndGlobalSection
	GlobalSection(ProjectConfigurationPlatforms) = postSolution
		{F39F1D96-9ABC-4DC2-B782-1498F3AEB9EC}.Debug|Any CPU.ActiveCfg = Debug|Any CPU
		{F39F1D96-9ABC-4DC2-B782-1498F3AEB9EC}.Release|Any CPU.ActiveCfg = Release|Any CPU
	EndGlobalSection
	GlobalSection(SolutionProperties) = preSolution
		HideSolutionNode = FALSE
	EndGlobalSection
	GlobalSection(ExtensibilityGlobals) = postSolution
		SolutionGuid = {1C3DD859-35F6-4FBE-A621-ED265CD81E76}
	EndGlobalSection
EndGlobal
